[{<<"hello_jesse">>,
  {git,"git@github.com:nkmanolovsumup/hello_jesse.git",
       {ref,"32c9d8f298fe4fd1660cc01aae8e2363e47f8962"}},
  0},
 {<<"jesse">>,
  {git,"https://github.com/for-GET/jesse.git",
       {ref,"f4270eb0a9bc64291c6e2205645b45b5b7b686f8"}},
  1},
 {<<"jiffy">>,
  {git,"git://github.com/davisp/jiffy",
       {ref,"d16a4fd968e000b65e4678cccfad68d7a0a8bd1c"}},
  1},
 {<<"jsx">>,
  {git,"git://github.com/talentdeficit/jsx.git",
       {ref,"3074d4865b3385a050badf7828ad31490d860df5"}},
  2}].
